PODS:
  - iLogKit (2.4.1):
    - Logan
  - Logan (1.2.7):
    - Logan/mbedtls (= 1.2.7)
  - Logan/mbedtls (1.2.7)

DEPENDENCIES:
  - iLogKit (from `../`)

SPEC REPOS:
  https://github.com/CocoaPods/Specs.git:
    - Logan

EXTERNAL SOURCES:
  iLogKit:
    :path: "../"

SPEC CHECKSUMS:
  iLogKit: 3887fb3cfc2df3a702c556133deaf4bdbcb7873d
  Logan: d7e508f88d596b186e9cdcc0cf35b45c89bbc22f

PODFILE CHECKSUM: 3c75bcddca250c682ee6ddf8cf8d6917b811bc51

COCOAPODS: 1.9.1
